
Microsoft Visual Studio Solution File, Format Version 12.00
# Visual Studio Version 17
VisualStudioVersion = 17.14.36202.13
MinimumVisualStudioVersion = 10.0.40219.1
Project("{FAE04EC0-301F-11D3-BF4B-00C04F79EFBC}") = "BC.SchoolRegistrationApp.BL", "BC.SchoolRegistrationApp.BL\BC.SchoolRegistrationApp.BL.csproj", "{8D911BE8-35B1-40CE-AB5A-80EB61B57AE8}"
EndProject
Project("{FAE04EC0-301F-11D3-BF4B-00C04F79EFBC}") = "BC.SchoolRegistrationApp.DAL", "BC.SchoolRegistrationApp.DAL\BC.SchoolRegistrationApp.DAL.csproj", "{8EC15B54-2241-408C-ABCA-3C3D652E1385}"
EndProject
Project("{FAE04EC0-301F-11D3-BF4B-00C04F79EFBC}") = "BC.SchoolRegistrationApp.Entity", "BC.SchoolRegistrationApp.Entity\BC.SchoolRegistrationApp.Entity.csproj", "{F5BDFC71-F822-4D45-AA4C-3B5CCD00AB15}"
EndProject
Project("{FAE04EC0-301F-11D3-BF4B-00C04F79EFBC}") = "BC.SchoolRegistrationApp.UI", "BC.SchoolRegistrationApp.UI\BC.SchoolRegistrationApp.UI.csproj", "{CCA787AC-4D0B-4320-8D4C-0A139FA7F5D8}"
EndProject
Project("{FAE04EC0-301F-11D3-BF4B-00C04F79EFBC}") = "BC.SchoolRegistrationApp.Dto", "BC.SchoolRegistrationApp.Dto\BC.SchoolRegistrationApp.Dto.csproj", "{77D3B7C0-761F-4908-A92B-0663C1120A2A}"
EndProject
Global
	GlobalSection(SolutionConfigurationPlatforms) = preSolution
		Debug|Any CPU = Debug|Any CPU
		Release|Any CPU = Release|Any CPU
	EndGlobalSection
	GlobalSection(ProjectConfigurationPlatforms) = postSolution
		{8D911BE8-35B1-40CE-AB5A-80EB61B57AE8}.Debug|Any CPU.ActiveCfg = Debug|Any CPU
		{8D911BE8-35B1-40CE-AB5A-80EB61B57AE8}.Debug|Any CPU.Build.0 = Debug|Any CPU
		{8D911BE8-35B1-40CE-AB5A-80EB61B57AE8}.Release|Any CPU.ActiveCfg = Release|Any CPU
		{8D911BE8-35B1-40CE-AB5A-80EB61B57AE8}.Release|Any CPU.Build.0 = Release|Any CPU
		{8EC15B54-2241-408C-ABCA-3C3D652E1385}.Debug|Any CPU.ActiveCfg = Debug|Any CPU
		{8EC15B54-2241-408C-ABCA-3C3D652E1385}.Debug|Any CPU.Build.0 = Debug|Any CPU
		{8EC15B54-2241-408C-ABCA-3C3D652E1385}.Release|Any CPU.ActiveCfg = Release|Any CPU
		{8EC15B54-2241-408C-ABCA-3C3D652E1385}.Release|Any CPU.Build.0 = Release|Any CPU
		{F5BDFC71-F822-4D45-AA4C-3B5CCD00AB15}.Debug|Any CPU.ActiveCfg = Debug|Any CPU
		{F5BDFC71-F822-4D45-AA4C-3B5CCD00AB15}.Debug|Any CPU.Build.0 = Debug|Any CPU
		{F5BDFC71-F822-4D45-AA4C-3B5CCD00AB15}.Release|Any CPU.ActiveCfg = Release|Any CPU
		{F5BDFC71-F822-4D45-AA4C-3B5CCD00AB15}.Release|Any CPU.Build.0 = Release|Any CPU
		{CCA787AC-4D0B-4320-8D4C-0A139FA7F5D8}.Debug|Any CPU.ActiveCfg = Debug|Any CPU
		{CCA787AC-4D0B-4320-8D4C-0A139FA7F5D8}.Debug|Any CPU.Build.0 = Debug|Any CPU
		{CCA787AC-4D0B-4320-8D4C-0A139FA7F5D8}.Release|Any CPU.ActiveCfg = Release|Any CPU
		{CCA787AC-4D0B-4320-8D4C-0A139FA7F5D8}.Release|Any CPU.Build.0 = Release|Any CPU
		{77D3B7C0-761F-4908-A92B-0663C1120A2A}.Debug|Any CPU.ActiveCfg = Debug|Any CPU
		{77D3B7C0-761F-4908-A92B-0663C1120A2A}.Debug|Any CPU.Build.0 = Debug|Any CPU
		{77D3B7C0-761F-4908-A92B-0663C1120A2A}.Release|Any CPU.ActiveCfg = Release|Any CPU
		{77D3B7C0-761F-4908-A92B-0663C1120A2A}.Release|Any CPU.Build.0 = Release|Any CPU
	EndGlobalSection
	GlobalSection(SolutionProperties) = preSolution
		HideSolutionNode = FALSE
	EndGlobalSection
	GlobalSection(ExtensibilityGlobals) = postSolution
		SolutionGuid = {BEAD64CF-82D3-4529-AAB7-FBB904CF09DC}
	EndGlobalSection
EndGlobal
