
Microsoft Visual Studio Solution File, Format Version 12.00
# Visual Studio Version 17
VisualStudioVersion = 17.14.36202.13
MinimumVisualStudioVersion = 10.0.40219.1
Project("{FAE04EC0-301F-11D3-BF4B-00C04F79EFBC}") = "BC.SchoolRegistrationApp.Entity", "BC.SchoolRegistrationApp.Entity\BC.SchoolRegistrationApp.Entity.csproj", "{FF711B57-359D-4B94-B19C-D334A571B1B9}"
EndProject
Project("{FAE04EC0-301F-11D3-BF4B-00C04F79EFBC}") = "BC.SchoolRegistrationApp.BL", "BC.SchoolRegistrationApp.BL\BC.SchoolRegistrationApp.BL.csproj", "{25DC6CF9-7C40-4DBE-B792-7B110D54CF27}"
EndProject
Project("{FAE04EC0-301F-11D3-BF4B-00C04F79EFBC}") = "BC.SchoolRegistrationApp.DAL", "BC.SchoolRegistrationApp.DAL\BC.SchoolRegistrationApp.DAL.csproj", "{0C4057C7-59DB-4BFC-922C-6F15140E38C6}"
EndProject
Project("{FAE04EC0-301F-11D3-BF4B-00C04F79EFBC}") = "BC.SchoolRegistrationApp.UI", "BC.SchoolRegistrationApp.UI\BC.SchoolRegistrationApp.UI.csproj", "{BCE4C471-8C6C-4444-8C29-5D98C8549FD2}"
EndProject
Global
	GlobalSection(SolutionConfigurationPlatforms) = preSolution
		Debug|Any CPU = Debug|Any CPU
		Release|Any CPU = Release|Any CPU
	EndGlobalSection
	GlobalSection(ProjectConfigurationPlatforms) = postSolution
		{FF711B57-359D-4B94-B19C-D334A571B1B9}.Debug|Any CPU.ActiveCfg = Debug|Any CPU
		{FF711B57-359D-4B94-B19C-D334A571B1B9}.Debug|Any CPU.Build.0 = Debug|Any CPU
		{FF711B57-359D-4B94-B19C-D334A571B1B9}.Release|Any CPU.ActiveCfg = Release|Any CPU
		{FF711B57-359D-4B94-B19C-D334A571B1B9}.Release|Any CPU.Build.0 = Release|Any CPU
		{25DC6CF9-7C40-4DBE-B792-7B110D54CF27}.Debug|Any CPU.ActiveCfg = Debug|Any CPU
		{25DC6CF9-7C40-4DBE-B792-7B110D54CF27}.Debug|Any CPU.Build.0 = Debug|Any CPU
		{25DC6CF9-7C40-4DBE-B792-7B110D54CF27}.Release|Any CPU.ActiveCfg = Release|Any CPU
		{25DC6CF9-7C40-4DBE-B792-7B110D54CF27}.Release|Any CPU.Build.0 = Release|Any CPU
		{0C4057C7-59DB-4BFC-922C-6F15140E38C6}.Debug|Any CPU.ActiveCfg = Debug|Any CPU
		{0C4057C7-59DB-4BFC-922C-6F15140E38C6}.Debug|Any CPU.Build.0 = Debug|Any CPU
		{0C4057C7-59DB-4BFC-922C-6F15140E38C6}.Release|Any CPU.ActiveCfg = Release|Any CPU
		{0C4057C7-59DB-4BFC-922C-6F15140E38C6}.Release|Any CPU.Build.0 = Release|Any CPU
		{BCE4C471-8C6C-4444-8C29-5D98C8549FD2}.Debug|Any CPU.ActiveCfg = Debug|Any CPU
		{BCE4C471-8C6C-4444-8C29-5D98C8549FD2}.Debug|Any CPU.Build.0 = Debug|Any CPU
		{BCE4C471-8C6C-4444-8C29-5D98C8549FD2}.Release|Any CPU.ActiveCfg = Release|Any CPU
		{BCE4C471-8C6C-4444-8C29-5D98C8549FD2}.Release|Any CPU.Build.0 = Release|Any CPU
	EndGlobalSection
	GlobalSection(SolutionProperties) = preSolution
		HideSolutionNode = FALSE
	EndGlobalSection
	GlobalSection(ExtensibilityGlobals) = postSolution
		SolutionGuid = {BEAD64CF-82D3-4529-AAB7-FBB904CF09DC}
	EndGlobalSection
EndGlobal
